
Microsoft Visual Studio Solution File, Format Version 12.00
# Visual Studio 2012
Project("{FAE04EC0-301F-11D3-BF4B-00C04F79EFBC}") = "浩然计算器 （测试用）", "浩然计算器 （测试用）\浩然计算器 （测试用）.csproj", "{4ED8654A-1AD7-458B-A1F2-D74C48E21F8B}"
EndProject
Global
	GlobalSection(SolutionConfigurationPlatforms) = preSolution
		Debug|Any CPU = Debug|Any CPU
		Release|Any CPU = Release|Any CPU
	EndGlobalSection
	GlobalSection(ProjectConfigurationPlatforms) = postSolution
		{4ED8654A-1AD7-458B-A1F2-D74C48E21F8B}.Debug|Any CPU.ActiveCfg = Debug|Any CPU
		{4ED8654A-1AD7-458B-A1F2-D74C48E21F8B}.Debug|Any CPU.Build.0 = Debug|Any CPU
		{4ED8654A-1AD7-458B-A1F2-D74C48E21F8B}.Release|Any CPU.ActiveCfg = Release|Any CPU
		{4ED8654A-1AD7-458B-A1F2-D74C48E21F8B}.Release|Any CPU.Build.0 = Release|Any CPU
	EndGlobalSection
	GlobalSection(SolutionProperties) = preSolution
		HideSolutionNode = FALSE
	EndGlobalSection
EndGlobal
